Microsoft Visual Studio Solution File, Format Version 12.00
# Visual Studio Version 17
VisualStudioVersion = 17.5.2.0
MinimumVisualStudioVersion = 10.0.40219.1
Project("{FAE04EC0-301F-11D3-BF4B-00C04F79EFBC}") = "razor-pages-test-htmx-vite", "razor-pages-test-htmx-vite.csproj", "{3A988B26-67B5-2FAD-9BBC-5AB1F1AE12EB}"
EndProject
Global
	GlobalSection(SolutionConfigurationPlatforms) = preSolution
		Debug|Any CPU = Debug|Any CPU
		Release|Any CPU = Release|Any CPU
	EndGlobalSection
	GlobalSection(ProjectConfigurationPlatforms) = postSolution
		{3A988B26-67B5-2FAD-9BBC-5AB1F1AE12EB}.Debug|Any CPU.ActiveCfg = Debug|Any CPU
		{3A988B26-67B5-2FAD-9BBC-5AB1F1AE12EB}.Debug|Any CPU.Build.0 = Debug|Any CPU
		{3A988B26-67B5-2FAD-9BBC-5AB1F1AE12EB}.Release|Any CPU.ActiveCfg = Release|Any CPU
		{3A988B26-67B5-2FAD-9BBC-5AB1F1AE12EB}.Release|Any CPU.Build.0 = Release|Any CPU
	EndGlobalSection
	GlobalSection(SolutionProperties) = preSolution
		HideSolutionNode = FALSE
	EndGlobalSection
	GlobalSection(ExtensibilityGlobals) = postSolution
		SolutionGuid = {26A4F0B6-009B-4F31-B6FD-BD1513CC2DAE}
	EndGlobalSection
EndGlobal
